<?xml version="1.0" encoding="utf-8"?>
<Project ToolsVersion="4.0" xmlns="http://schemas.microsoft.com/developer/msbuild/2003">
  <ItemGroup>
    <ClCompile Include="game.c">
      <Filter>C Source Files</Filter>
    </ClCompile>
    <ClCompile Include="main.c">
      <Filter>C Source Files</Filter>
    </ClCompile>
    <ClCompile Include="ZhengWei.c">
      <Filter>C Source Files</Filter>
    </ClCompile>
    <ClCompile Include="Anderson.c">
      <Filter>C Source Files</Filter>
    </ClCompile>
    <ClCompile Include="Gabriel.c">
      <Filter>C Source Files</Filter>
    </ClCompile>
    <ClCompile Include="John.c">
      <Filter>C Source Files</Filter>
    </ClCompile>
    <ClCompile Include="Samuel.c">
      <Filter>C Source Files</Filter>
    </ClCompile>
    <ClCompile Include="vector.c">
      <Filter>Vector</Filter>
    </ClCompile>
  </ItemGroup>
  <ItemGroup>
    <Filter Include="C Source Files">
      <UniqueIdentifier>{b9638392-7648-40c1-8bf7-04afad9263fe}</UniqueIdentifier>
    </Filter>
    <Filter Include="Vector">
      <UniqueIdentifier>{23ccaa5a-934d-4374-a3ee-e931cb34dcea}</UniqueIdentifier>
    </Filter>
    <Filter Include="C Source Files\Current header files">
      <UniqueIdentifier>{ef989a06-29c1-4e4e-91a3-ce8ef665281f}</UniqueIdentifier>
    </Filter>
  </ItemGroup>
  <ItemGroup>
    <ClInclude Include="game.h">
      <Filter>C Source Files</Filter>
    </ClInclude>
    <ClInclude Include="Samuel.h" />
    <ClInclude Include="John.h">
      <Filter>C Source Files\Current header files</Filter>
    </ClInclude>
    <ClInclude Include="Anderson.h">
      <Filter>C Source Files</Filter>
    </ClInclude>
    <ClInclude Include="Gabriel.h">
      <Filter>C Source Files\Current header files</Filter>
    </ClInclude>
  </ItemGroup>
</Project>